// !$*UTF8*$!
{
	archiveVersion = 1;
	classes = {
	};
	objectVersion = 46;
	objects = {

/* Begin PBXBuildFile section */
		086318671DAFA6A90057DE9A /* KakaoOpenSDK.framework in Frameworks */ = {isa = PBXBuildFile; fileRef = 086318661DAFA6A90057DE9A /* KakaoOpenSDK.framework */; };
		0863186B1DAFE5C40057DE9A /* LoginViewController.swift in Sources */ = {isa = PBXBuildFile; fileRef = 0863186A1DAFE5C40057DE9A /* LoginViewController.swift */; };
		0863186D1DB08A6F0057DE9A /* MainMenuController.swift in Sources */ = {isa = PBXBuildFile; fileRef = 0863186C1DB08A6F0057DE9A /* MainMenuController.swift */; };
		0896CFCB1DB4CD9B00FE2C47 /* WriteMenuController.swift in Sources */ = {isa = PBXBuildFile; fileRef = 0896CFCA1DB4CD9B00FE2C47 /* WriteMenuController.swift */; };
		0899E7081DC1CF6500AE3BF3 /* TravelSpotCell.xib in Resources */ = {isa = PBXBuildFile; fileRef = 0899E7071DC1CF6500AE3BF3 /* TravelSpotCell.xib */; };
		0899E70C1DC21E5D00AE3BF3 /* TravelSpotCell.swift in Sources */ = {isa = PBXBuildFile; fileRef = 0899E70B1DC21E5D00AE3BF3 /* TravelSpotCell.swift */; };
		61AEBA0C5F49F7754471EF39 /* Pods_TravelMate.framework in Frameworks */ = {isa = PBXBuildFile; fileRef = 6285CE044243A7D743C74E47 /* Pods_TravelMate.framework */; };
		90119CF01DA6543E00FC6C56 /* Error.swift in Sources */ = {isa = PBXBuildFile; fileRef = 90119CEF1DA6543E00FC6C56 /* Error.swift */; };
		902A2D861DA36C8B001FEA9F /* SpotModel.swift in Sources */ = {isa = PBXBuildFile; fileRef = 902A2D851DA36C8B001FEA9F /* SpotModel.swift */; };
		902A2EB11DA4E14E001FEA9F /* travelmate.db in Resources */ = {isa = PBXBuildFile; fileRef = 902A2EB01DA4E14E001FEA9F /* travelmate.db */; };
		902A2EB41DA4E478001FEA9F /* DBManager.swift in Sources */ = {isa = PBXBuildFile; fileRef = 902A2EB31DA4E478001FEA9F /* DBManager.swift */; };
		902A2EB71DA4F93F001FEA9F /* CategoryModel.swift in Sources */ = {isa = PBXBuildFile; fileRef = 902A2EB61DA4F93F001FEA9F /* CategoryModel.swift */; };
		903261A11D9E2E2A00CE31DC /* AppDelegate.swift in Sources */ = {isa = PBXBuildFile; fileRef = 903261A01D9E2E2A00CE31DC /* AppDelegate.swift */; };
		903261A31D9E2E2A00CE31DC /* ViewController.swift in Sources */ = {isa = PBXBuildFile; fileRef = 903261A21D9E2E2A00CE31DC /* ViewController.swift */; };
		903261A61D9E2E2A00CE31DC /* Main.storyboard in Resources */ = {isa = PBXBuildFile; fileRef = 903261A41D9E2E2A00CE31DC /* Main.storyboard */; };
		903261A81D9E2E2A00CE31DC /* Assets.xcassets in Resources */ = {isa = PBXBuildFile; fileRef = 903261A71D9E2E2A00CE31DC /* Assets.xcassets */; };
		903261AB1D9E2E2A00CE31DC /* LaunchScreen.storyboard in Resources */ = {isa = PBXBuildFile; fileRef = 903261A91D9E2E2A00CE31DC /* LaunchScreen.storyboard */; };
		903261B61D9E2E2A00CE31DC /* TravelMateTests.swift in Sources */ = {isa = PBXBuildFile; fileRef = 903261B51D9E2E2A00CE31DC /* TravelMateTests.swift */; };
		903261C11D9E2E2A00CE31DC /* TravelMateUITests.swift in Sources */ = {isa = PBXBuildFile; fileRef = 903261C01D9E2E2A00CE31DC /* TravelMateUITests.swift */; };
		903261CF1D9E2F4D00CE31DC /* Route.xib in Resources */ = {isa = PBXBuildFile; fileRef = 903261CE1D9E2F4D00CE31DC /* Route.xib */; };
		903261E41D9E4C6500CE31DC /* RouteView.swift in Sources */ = {isa = PBXBuildFile; fileRef = 903261E31D9E4C6500CE31DC /* RouteView.swift */; };
		903262041D9FB92000CE31DC /* TravelMateUITestsSnapshot.swift in Sources */ = {isa = PBXBuildFile; fileRef = 903262031D9FB92000CE31DC /* TravelMateUITestsSnapshot.swift */; };
		903262061D9FB98300CE31DC /* SnapshotHelper.swift in Sources */ = {isa = PBXBuildFile; fileRef = 903262051D9FB98300CE31DC /* SnapshotHelper.swift */; };
		903262081DA255D500CE31DC /* TourAPIManager.swift in Sources */ = {isa = PBXBuildFile; fileRef = 903262071DA255D500CE31DC /* TourAPIManager.swift */; };
		905D0AF41DCB6D8000CDAF47 /* TimelineViewController.swift in Sources */ = {isa = PBXBuildFile; fileRef = 905D0AF31DCB6D8000CDAF47 /* TimelineViewController.swift */; };
		905D0AF61DCB760900CDAF47 /* CourseViewController.swift in Sources */ = {isa = PBXBuildFile; fileRef = 905D0AF51DCB760900CDAF47 /* CourseViewController.swift */; };
		905D0AF81DCB764200CDAF47 /* EpilogueViewController.swift in Sources */ = {isa = PBXBuildFile; fileRef = 905D0AF71DCB764200CDAF47 /* EpilogueViewController.swift */; };
		906EE1AC1DC4A1D100A9A292 /* WriteEpilogueView.xib in Resources */ = {isa = PBXBuildFile; fileRef = 906EE1AB1DC4A1D100A9A292 /* WriteEpilogueView.xib */; };
		906EE1AE1DC4A1E000A9A292 /* WriteEpilogueView.swift in Sources */ = {isa = PBXBuildFile; fileRef = 906EE1AD1DC4A1E000A9A292 /* WriteEpilogueView.swift */; };
		906EE1B01DC4A3D800A9A292 /* EvaluationView.swift in Sources */ = {isa = PBXBuildFile; fileRef = 906EE1AF1DC4A3D800A9A292 /* EvaluationView.swift */; };
		906EE1B21DC4A3E300A9A292 /* EvaluationView.xib in Resources */ = {isa = PBXBuildFile; fileRef = 906EE1B11DC4A3E300A9A292 /* EvaluationView.xib */; };
		906EE1B41DC4AD1100A9A292 /* EpilogueModel.swift in Sources */ = {isa = PBXBuildFile; fileRef = 906EE1B31DC4AD1100A9A292 /* EpilogueModel.swift */; };
		906EE1B61DC4DE7900A9A292 /* RealmString.swift in Sources */ = {isa = PBXBuildFile; fileRef = 906EE1B51DC4DE7900A9A292 /* RealmString.swift */; };
		906EE1B81DC5115700A9A292 /* RemovableImageView.xib in Resources */ = {isa = PBXBuildFile; fileRef = 906EE1B71DC5115700A9A292 /* RemovableImageView.xib */; };
		906EE1BA1DC511AE00A9A292 /* RemovableImageView.swift in Sources */ = {isa = PBXBuildFile; fileRef = 906EE1B91DC511AE00A9A292 /* RemovableImageView.swift */; };
		906EE1BD1DC5AFBF00A9A292 /* NetworkManager.swift in Sources */ = {isa = PBXBuildFile; fileRef = 906EE1BC1DC5AFBF00A9A292 /* NetworkManager.swift */; };
		906EE1BF1DC5CF1800A9A292 /* WriteEpilogueCell.xib in Resources */ = {isa = PBXBuildFile; fileRef = 906EE1BE1DC5CF1800A9A292 /* WriteEpilogueCell.xib */; };
		906EE1C11DC5CF8000A9A292 /* WriteEpilogueCell.swift in Sources */ = {isa = PBXBuildFile; fileRef = 906EE1C01DC5CF8000A9A292 /* WriteEpilogueCell.swift */; };
		907CD1291DCC94870069B3BE /* EpilogueImageCell.xib in Resources */ = {isa = PBXBuildFile; fileRef = 907CD1281DCC94870069B3BE /* EpilogueImageCell.xib */; };
		907CD12B1DCC94BE0069B3BE /* EpilogueImageCell.swift in Sources */ = {isa = PBXBuildFile; fileRef = 907CD12A1DCC94BE0069B3BE /* EpilogueImageCell.swift */; };
		907CD1351DCCE3C60069B3BE /* WriteMapController.swift in Sources */ = {isa = PBXBuildFile; fileRef = 907CD1341DCCE3C60069B3BE /* WriteMapController.swift */; };
		907CD13D1DCF00C20069B3BE /* SearchViewController.swift in Sources */ = {isa = PBXBuildFile; fileRef = 907CD13C1DCF00C20069B3BE /* SearchViewController.swift */; };
		907CD13F1DCF07C00069B3BE /* SearchPreviewCell.xib in Resources */ = {isa = PBXBuildFile; fileRef = 907CD13E1DCF07C00069B3BE /* SearchPreviewCell.xib */; };
		907CD1411DCF08410069B3BE /* SearchPreviewCell.swift in Sources */ = {isa = PBXBuildFile; fileRef = 907CD1401DCF08410069B3BE /* SearchPreviewCell.swift */; };
		907CD1431DCF1A350069B3BE /* SearchDetailViewController.swift in Sources */ = {isa = PBXBuildFile; fileRef = 907CD1421DCF1A350069B3BE /* SearchDetailViewController.swift */; };
		907CD1451DCF2E4A0069B3BE /* Course.storyboard in Resources */ = {isa = PBXBuildFile; fileRef = 907CD1441DCF2E4A0069B3BE /* Course.storyboard */; };
		907CD1471DCF2F0E0069B3BE /* DetailCourseViewController.swift in Sources */ = {isa = PBXBuildFile; fileRef = 907CD1461DCF2F0E0069B3BE /* DetailCourseViewController.swift */; };
		90B2EA451DC373BE008FC3EE /* WriteEpilogue.storyboard in Resources */ = {isa = PBXBuildFile; fileRef = 90B2EA441DC373BE008FC3EE /* WriteEpilogue.storyboard */; };
		90B2EA471DC373E0008FC3EE /* WriteEpilogueController.swift in Sources */ = {isa = PBXBuildFile; fileRef = 90B2EA461DC373E0008FC3EE /* WriteEpilogueController.swift */; };
		90EBE7AB1DCB84A500938D9F /* CourseTimelineCell.xib in Resources */ = {isa = PBXBuildFile; fileRef = 90EBE7AA1DCB84A500938D9F /* CourseTimelineCell.xib */; };
		90EBE7AD1DCB84D300938D9F /* CourseTimelineCell.swift in Sources */ = {isa = PBXBuildFile; fileRef = 90EBE7AC1DCB84D300938D9F /* CourseTimelineCell.swift */; };
		90EBE7AF1DCB86B100938D9F /* CourseModel.swift in Sources */ = {isa = PBXBuildFile; fileRef = 90EBE7AE1DCB86B100938D9F /* CourseModel.swift */; };
		90EBE7B11DCC843E00938D9F /* EpilogueTimelineCell.xib in Resources */ = {isa = PBXBuildFile; fileRef = 90EBE7B01DCC843E00938D9F /* EpilogueTimelineCell.xib */; };
		90EBE7B31DCC869400938D9F /* EpilogueTimelineCell.swift in Sources */ = {isa = PBXBuildFile; fileRef = 90EBE7B21DCC869400938D9F /* EpilogueTimelineCell.swift */; };
/* End PBXBuildFile section */

/* Begin PBXContainerItemProxy section */
		903261B21D9E2E2A00CE31DC /* PBXContainerItemProxy */ = {
			isa = PBXContainerItemProxy;
			containerPortal = 903261951D9E2E2900CE31DC /* Project object */;
			proxyType = 1;
			remoteGlobalIDString = 9032619C1D9E2E2900CE31DC;
			remoteInfo = TravelMate;
		};
		903261BD1D9E2E2A00CE31DC /* PBXContainerItemProxy */ = {
			isa = PBXContainerItemProxy;
			containerPortal = 903261951D9E2E2900CE31DC /* Project object */;
			proxyType = 1;
			remoteGlobalIDString = 9032619C1D9E2E2900CE31DC;
			remoteInfo = TravelMate;
		};
		903261FE1D9FB83300CE31DC /* PBXContainerItemProxy */ = {
			isa = PBXContainerItemProxy;
			containerPortal = 903261951D9E2E2900CE31DC /* Project object */;
			proxyType = 1;
			remoteGlobalIDString = 9032619C1D9E2E2900CE31DC;
			remoteInfo = TravelMate;
		};
/* End PBXContainerItemProxy section */

/* Begin PBXCopyFilesBuildPhase section */
		90119DF11DADCC3100FC6C56 /* Embed Frameworks */ = {
			isa = PBXCopyFilesBuildPhase;
			buildActionMask = 2147483647;
			dstPath = "";
			dstSubfolderSpec = 10;
			files = (
			);
			name = "Embed Frameworks";
			runOnlyForDeploymentPostprocessing = 0;
		};
/* End PBXCopyFilesBuildPhase section */

/* Begin PBXFileReference section */
		086318661DAFA6A90057DE9A /* KakaoOpenSDK.framework */ = {isa = PBXFileReference; lastKnownFileType = wrapper.framework; path = KakaoOpenSDK.framework; sourceTree = "<group>"; };
		0863186A1DAFE5C40057DE9A /* LoginViewController.swift */ = {isa = PBXFileReference; fileEncoding = 4; lastKnownFileType = sourcecode.swift; path = LoginViewController.swift; sourceTree = "<group>"; };
		0863186C1DB08A6F0057DE9A /* MainMenuController.swift */ = {isa = PBXFileReference; fileEncoding = 4; lastKnownFileType = sourcecode.swift; path = MainMenuController.swift; sourceTree = "<group>"; };
		0896CFCA1DB4CD9B00FE2C47 /* WriteMenuController.swift */ = {isa = PBXFileReference; fileEncoding = 4; lastKnownFileType = sourcecode.swift; path = WriteMenuController.swift; sourceTree = "<group>"; };
		0899E7071DC1CF6500AE3BF3 /* TravelSpotCell.xib */ = {isa = PBXFileReference; fileEncoding = 4; lastKnownFileType = file.xib; path = TravelSpotCell.xib; sourceTree = "<group>"; };
		0899E70B1DC21E5D00AE3BF3 /* TravelSpotCell.swift */ = {isa = PBXFileReference; fileEncoding = 4; lastKnownFileType = sourcecode.swift; path = TravelSpotCell.swift; sourceTree = "<group>"; };
		272ED57CF35E4DD33E650BEA /* Pods-TravelMate.debug.xcconfig */ = {isa = PBXFileReference; includeInIndex = 1; lastKnownFileType = text.xcconfig; name = "Pods-TravelMate.debug.xcconfig"; path = "Pods/Target Support Files/Pods-TravelMate/Pods-TravelMate.debug.xcconfig"; sourceTree = "<group>"; };
		581729D83643D3975C9EC6C2 /* Pods-TravelMate.release.xcconfig */ = {isa = PBXFileReference; includeInIndex = 1; lastKnownFileType = text.xcconfig; name = "Pods-TravelMate.release.xcconfig"; path = "Pods/Target Support Files/Pods-TravelMate/Pods-TravelMate.release.xcconfig"; sourceTree = "<group>"; };
		6285CE044243A7D743C74E47 /* Pods_TravelMate.framework */ = {isa = PBXFileReference; explicitFileType = wrapper.framework; includeInIndex = 0; path = Pods_TravelMate.framework; sourceTree = BUILT_PRODUCTS_DIR; };
		90119CEF1DA6543E00FC6C56 /* Error.swift */ = {isa = PBXFileReference; fileEncoding = 4; lastKnownFileType = sourcecode.swift; path = Error.swift; sourceTree = "<group>"; };
		902A2D851DA36C8B001FEA9F /* SpotModel.swift */ = {isa = PBXFileReference; fileEncoding = 4; lastKnownFileType = sourcecode.swift; path = SpotModel.swift; sourceTree = "<group>"; };
		902A2EB01DA4E14E001FEA9F /* travelmate.db */ = {isa = PBXFileReference; lastKnownFileType = file; path = travelmate.db; sourceTree = SOURCE_ROOT; };
		902A2EB31DA4E478001FEA9F /* DBManager.swift */ = {isa = PBXFileReference; fileEncoding = 4; lastKnownFileType = sourcecode.swift; path = DBManager.swift; sourceTree = "<group>"; };
		902A2EB61DA4F93F001FEA9F /* CategoryModel.swift */ = {isa = PBXFileReference; fileEncoding = 4; lastKnownFileType = sourcecode.swift; path = CategoryModel.swift; sourceTree = "<group>"; };
		9032619D1D9E2E2A00CE31DC /* TravelMate.app */ = {isa = PBXFileReference; explicitFileType = wrapper.application; includeInIndex = 0; path = TravelMate.app; sourceTree = BUILT_PRODUCTS_DIR; };
		903261A01D9E2E2A00CE31DC /* AppDelegate.swift */ = {isa = PBXFileReference; lastKnownFileType = sourcecode.swift; path = AppDelegate.swift; sourceTree = "<group>"; };
		903261A21D9E2E2A00CE31DC /* ViewController.swift */ = {isa = PBXFileReference; lastKnownFileType = sourcecode.swift; path = ViewController.swift; sourceTree = "<group>"; };
		903261A51D9E2E2A00CE31DC /* Base */ = {isa = PBXFileReference; lastKnownFileType = file.storyboard; name = Base; path = Base.lproj/Main.storyboard; sourceTree = "<group>"; };
		903261A71D9E2E2A00CE31DC /* Assets.xcassets */ = {isa = PBXFileReference; lastKnownFileType = folder.assetcatalog; path = Assets.xcassets; sourceTree = "<group>"; };
		903261AA1D9E2E2A00CE31DC /* Base */ = {isa = PBXFileReference; lastKnownFileType = file.storyboard; name = Base; path = Base.lproj/LaunchScreen.storyboard; sourceTree = "<group>"; };
		903261AC1D9E2E2A00CE31DC /* Info.plist */ = {isa = PBXFileReference; lastKnownFileType = text.plist.xml; path = Info.plist; sourceTree = "<group>"; };
		903261B11D9E2E2A00CE31DC /* TravelMateTests.xctest */ = {isa = PBXFileReference; explicitFileType = wrapper.cfbundle; includeInIndex = 0; path = TravelMateTests.xctest; sourceTree = BUILT_PRODUCTS_DIR; };
		903261B51D9E2E2A00CE31DC /* TravelMateTests.swift */ = {isa = PBXFileReference; lastKnownFileType = sourcecode.swift; path = TravelMateTests.swift; sourceTree = "<group>"; };
		903261B71D9E2E2A00CE31DC /* Info.plist */ = {isa = PBXFileReference; lastKnownFileType = text.plist.xml; path = Info.plist; sourceTree = "<group>"; };
		903261BC1D9E2E2A00CE31DC /* TravelMateUITests.xctest */ = {isa = PBXFileReference; explicitFileType = wrapper.cfbundle; includeInIndex = 0; path = TravelMateUITests.xctest; sourceTree = BUILT_PRODUCTS_DIR; };
		903261C01D9E2E2A00CE31DC /* TravelMateUITests.swift */ = {isa = PBXFileReference; lastKnownFileType = sourcecode.swift; path = TravelMateUITests.swift; sourceTree = "<group>"; };
		903261C21D9E2E2A00CE31DC /* Info.plist */ = {isa = PBXFileReference; lastKnownFileType = text.plist.xml; path = Info.plist; sourceTree = "<group>"; };
		903261CE1D9E2F4D00CE31DC /* Route.xib */ = {isa = PBXFileReference; fileEncoding = 4; lastKnownFileType = file.xib; path = Route.xib; sourceTree = "<group>"; };
		903261E31D9E4C6500CE31DC /* RouteView.swift */ = {isa = PBXFileReference; fileEncoding = 4; lastKnownFileType = sourcecode.swift; path = RouteView.swift; sourceTree = "<group>"; };
		903261F91D9FB83300CE31DC /* TravelMateUITestsSnapshot.xctest */ = {isa = PBXFileReference; explicitFileType = wrapper.cfbundle; includeInIndex = 0; path = TravelMateUITestsSnapshot.xctest; sourceTree = BUILT_PRODUCTS_DIR; };
		903261FD1D9FB83300CE31DC /* Info.plist */ = {isa = PBXFileReference; lastKnownFileType = text.plist.xml; path = Info.plist; sourceTree = "<group>"; };
		903262031D9FB92000CE31DC /* TravelMateUITestsSnapshot.swift */ = {isa = PBXFileReference; fileEncoding = 4; lastKnownFileType = sourcecode.swift; path = TravelMateUITestsSnapshot.swift; sourceTree = "<group>"; };
		903262051D9FB98300CE31DC /* SnapshotHelper.swift */ = {isa = PBXFileReference; fileEncoding = 4; lastKnownFileType = sourcecode.swift; name = SnapshotHelper.swift; path = fastlane/SnapshotHelper.swift; sourceTree = SOURCE_ROOT; };
		903262071DA255D500CE31DC /* TourAPIManager.swift */ = {isa = PBXFileReference; fileEncoding = 4; lastKnownFileType = sourcecode.swift; path = TourAPIManager.swift; sourceTree = "<group>"; };
		905D0AF31DCB6D8000CDAF47 /* TimelineViewController.swift */ = {isa = PBXFileReference; fileEncoding = 4; lastKnownFileType = sourcecode.swift; path = TimelineViewController.swift; sourceTree = "<group>"; };
		905D0AF51DCB760900CDAF47 /* CourseViewController.swift */ = {isa = PBXFileReference; fileEncoding = 4; lastKnownFileType = sourcecode.swift; path = CourseViewController.swift; sourceTree = "<group>"; };
		905D0AF71DCB764200CDAF47 /* EpilogueViewController.swift */ = {isa = PBXFileReference; fileEncoding = 4; lastKnownFileType = sourcecode.swift; path = EpilogueViewController.swift; sourceTree = "<group>"; };
		906EE1AB1DC4A1D100A9A292 /* WriteEpilogueView.xib */ = {isa = PBXFileReference; fileEncoding = 4; lastKnownFileType = file.xib; path = WriteEpilogueView.xib; sourceTree = "<group>"; };
		906EE1AD1DC4A1E000A9A292 /* WriteEpilogueView.swift */ = {isa = PBXFileReference; fileEncoding = 4; lastKnownFileType = sourcecode.swift; path = WriteEpilogueView.swift; sourceTree = "<group>"; };
		906EE1AF1DC4A3D800A9A292 /* EvaluationView.swift */ = {isa = PBXFileReference; fileEncoding = 4; lastKnownFileType = sourcecode.swift; path = EvaluationView.swift; sourceTree = "<group>"; };
		906EE1B11DC4A3E300A9A292 /* EvaluationView.xib */ = {isa = PBXFileReference; fileEncoding = 4; lastKnownFileType = file.xib; path = EvaluationView.xib; sourceTree = "<group>"; };
		906EE1B31DC4AD1100A9A292 /* EpilogueModel.swift */ = {isa = PBXFileReference; fileEncoding = 4; lastKnownFileType = sourcecode.swift; path = EpilogueModel.swift; sourceTree = "<group>"; };
		906EE1B51DC4DE7900A9A292 /* RealmString.swift */ = {isa = PBXFileReference; fileEncoding = 4; lastKnownFileType = sourcecode.swift; path = RealmString.swift; sourceTree = "<group>"; };
		906EE1B71DC5115700A9A292 /* RemovableImageView.xib */ = {isa = PBXFileReference; fileEncoding = 4; lastKnownFileType = file.xib; path = RemovableImageView.xib; sourceTree = "<group>"; };
		906EE1B91DC511AE00A9A292 /* RemovableImageView.swift */ = {isa = PBXFileReference; fileEncoding = 4; lastKnownFileType = sourcecode.swift; path = RemovableImageView.swift; sourceTree = "<group>"; };
		906EE1BC1DC5AFBF00A9A292 /* NetworkManager.swift */ = {isa = PBXFileReference; fileEncoding = 4; lastKnownFileType = sourcecode.swift; path = NetworkManager.swift; sourceTree = "<group>"; };
		906EE1BE1DC5CF1800A9A292 /* WriteEpilogueCell.xib */ = {isa = PBXFileReference; fileEncoding = 4; lastKnownFileType = file.xib; path = WriteEpilogueCell.xib; sourceTree = "<group>"; };
		906EE1C01DC5CF8000A9A292 /* WriteEpilogueCell.swift */ = {isa = PBXFileReference; fileEncoding = 4; lastKnownFileType = sourcecode.swift; path = WriteEpilogueCell.swift; sourceTree = "<group>"; };
		907CD1281DCC94870069B3BE /* EpilogueImageCell.xib */ = {isa = PBXFileReference; fileEncoding = 4; lastKnownFileType = file.xib; path = EpilogueImageCell.xib; sourceTree = "<group>"; };
		907CD12A1DCC94BE0069B3BE /* EpilogueImageCell.swift */ = {isa = PBXFileReference; fileEncoding = 4; lastKnownFileType = sourcecode.swift; path = EpilogueImageCell.swift; sourceTree = "<group>"; };
		907CD1341DCCE3C60069B3BE /* WriteMapController.swift */ = {isa = PBXFileReference; fileEncoding = 4; lastKnownFileType = sourcecode.swift; path = WriteMapController.swift; sourceTree = "<group>"; };
		907CD13C1DCF00C20069B3BE /* SearchViewController.swift */ = {isa = PBXFileReference; fileEncoding = 4; lastKnownFileType = sourcecode.swift; path = SearchViewController.swift; sourceTree = "<group>"; };
		907CD13E1DCF07C00069B3BE /* SearchPreviewCell.xib */ = {isa = PBXFileReference; fileEncoding = 4; lastKnownFileType = file.xib; path = SearchPreviewCell.xib; sourceTree = "<group>"; };
		907CD1401DCF08410069B3BE /* SearchPreviewCell.swift */ = {isa = PBXFileReference; fileEncoding = 4; lastKnownFileType = sourcecode.swift; path = SearchPreviewCell.swift; sourceTree = "<group>"; };
		907CD1421DCF1A350069B3BE /* SearchDetailViewController.swift */ = {isa = PBXFileReference; fileEncoding = 4; lastKnownFileType = sourcecode.swift; path = SearchDetailViewController.swift; sourceTree = "<group>"; };
		907CD1441DCF2E4A0069B3BE /* Course.storyboard */ = {isa = PBXFileReference; fileEncoding = 4; lastKnownFileType = file.storyboard; path = Course.storyboard; sourceTree = "<group>"; };
		907CD1461DCF2F0E0069B3BE /* DetailCourseViewController.swift */ = {isa = PBXFileReference; fileEncoding = 4; lastKnownFileType = sourcecode.swift; path = DetailCourseViewController.swift; sourceTree = "<group>"; };
		90B2EA441DC373BE008FC3EE /* WriteEpilogue.storyboard */ = {isa = PBXFileReference; fileEncoding = 4; lastKnownFileType = file.storyboard; path = WriteEpilogue.storyboard; sourceTree = "<group>"; };
		90B2EA461DC373E0008FC3EE /* WriteEpilogueController.swift */ = {isa = PBXFileReference; fileEncoding = 4; lastKnownFileType = sourcecode.swift; path = WriteEpilogueController.swift; sourceTree = "<group>"; };
		90EBE7AA1DCB84A500938D9F /* CourseTimelineCell.xib */ = {isa = PBXFileReference; fileEncoding = 4; lastKnownFileType = file.xib; path = CourseTimelineCell.xib; sourceTree = "<group>"; };
		90EBE7AC1DCB84D300938D9F /* CourseTimelineCell.swift */ = {isa = PBXFileReference; fileEncoding = 4; lastKnownFileType = sourcecode.swift; path = CourseTimelineCell.swift; sourceTree = "<group>"; };
		90EBE7AE1DCB86B100938D9F /* CourseModel.swift */ = {isa = PBXFileReference; fileEncoding = 4; lastKnownFileType = sourcecode.swift; path = CourseModel.swift; sourceTree = "<group>"; };
		90EBE7B01DCC843E00938D9F /* EpilogueTimelineCell.xib */ = {isa = PBXFileReference; fileEncoding = 4; lastKnownFileType = file.xib; path = EpilogueTimelineCell.xib; sourceTree = "<group>"; };
		90EBE7B21DCC869400938D9F /* EpilogueTimelineCell.swift */ = {isa = PBXFileReference; fileEncoding = 4; lastKnownFileType = sourcecode.swift; path = EpilogueTimelineCell.swift; sourceTree = "<group>"; };
/* End PBXFileReference section */

/* Begin PBXFrameworksBuildPhase section */
		9032619A1D9E2E2900CE31DC /* Frameworks */ = {
			isa = PBXFrameworksBuildPhase;
			buildActionMask = 2147483647;
			files = (
				61AEBA0C5F49F7754471EF39 /* Pods_TravelMate.framework in Frameworks */,
				086318671DAFA6A90057DE9A /* KakaoOpenSDK.framework in Frameworks */,
			);
			runOnlyForDeploymentPostprocessing = 0;
		};
		903261AE1D9E2E2A00CE31DC /* Frameworks */ = {
			isa = PBXFrameworksBuildPhase;
			buildActionMask = 2147483647;
			files = (
			);
			runOnlyForDeploymentPostprocessing = 0;
		};
		903261B91D9E2E2A00CE31DC /* Frameworks */ = {
			isa = PBXFrameworksBuildPhase;
			buildActionMask = 2147483647;
			files = (
			);
			runOnlyForDeploymentPostprocessing = 0;
		};
		903261F61D9FB83300CE31DC /* Frameworks */ = {
			isa = PBXFrameworksBuildPhase;
			buildActionMask = 2147483647;
			files = (
			);
			runOnlyForDeploymentPostprocessing = 0;
		};
/* End PBXFrameworksBuildPhase section */

/* Begin PBXGroup section */
		0863186E1DB08A780057DE9A /* Controllers */ = {
			isa = PBXGroup;
			children = (
				907CD1361DCD81A00069B3BE /* ViewControllers */,
				907CD1371DCD81AE0069B3BE /* Views */,
				907CD1381DCD81B40069B3BE /* Cells */,
			);
			name = Controllers;
			sourceTree = "<group>";
		};
		90119CEE1DA6542A00FC6C56 /* Errors */ = {
			isa = PBXGroup;
			children = (
				90119CEF1DA6543E00FC6C56 /* Error.swift */,
			);
			name = Errors;
			sourceTree = "<group>";
		};
		902A2EB51DA4F929001FEA9F /* Models */ = {
			isa = PBXGroup;
			children = (
				902A2D851DA36C8B001FEA9F /* SpotModel.swift */,
				902A2EB61DA4F93F001FEA9F /* CategoryModel.swift */,
				90EBE7AE1DCB86B100938D9F /* CourseModel.swift */,
				906EE1B31DC4AD1100A9A292 /* EpilogueModel.swift */,
				906EE1B51DC4DE7900A9A292 /* RealmString.swift */,
			);
			name = Models;
			sourceTree = "<group>";
		};
		903261941D9E2E2900CE31DC = {
			isa = PBXGroup;
			children = (
				9032619F1D9E2E2A00CE31DC /* TravelMate */,
				903261B41D9E2E2A00CE31DC /* TravelMateTests */,
				903261BF1D9E2E2A00CE31DC /* TravelMateUITests */,
				903261FA1D9FB83300CE31DC /* TravelMateUITestsSnapshot */,
				9032619E1D9E2E2A00CE31DC /* Products */,
				F141A3767DAE549EFAF6A3E7 /* Pods */,
				FDB2DAB59323D997234F8AC2 /* Frameworks */,
			);
			sourceTree = "<group>";
		};
		9032619E1D9E2E2A00CE31DC /* Products */ = {
			isa = PBXGroup;
			children = (
				9032619D1D9E2E2A00CE31DC /* TravelMate.app */,
				903261B11D9E2E2A00CE31DC /* TravelMateTests.xctest */,
				903261BC1D9E2E2A00CE31DC /* TravelMateUITests.xctest */,
				903261F91D9FB83300CE31DC /* TravelMateUITestsSnapshot.xctest */,
			);
			name = Products;
			sourceTree = "<group>";
		};
		9032619F1D9E2E2A00CE31DC /* TravelMate */ = {
			isa = PBXGroup;
			children = (
				906EE1BB1DC5AFA000A9A292 /* Managers */,
				0863186E1DB08A780057DE9A /* Controllers */,
				90B2EA481DC3746F008FC3EE /* UserInterface */,
				90119CEE1DA6542A00FC6C56 /* Errors */,
				902A2EB51DA4F929001FEA9F /* Models */,
				903261A01D9E2E2A00CE31DC /* AppDelegate.swift */,
				903261A71D9E2E2A00CE31DC /* Assets.xcassets */,
				902A2EB01DA4E14E001FEA9F /* travelmate.db */,
				903261AC1D9E2E2A00CE31DC /* Info.plist */,
				903261CE1D9E2F4D00CE31DC /* Route.xib */,
				903261E31D9E4C6500CE31DC /* RouteView.swift */,
			);
			path = TravelMate;
			sourceTree = "<group>";
		};
		903261B41D9E2E2A00CE31DC /* TravelMateTests */ = {
			isa = PBXGroup;
			children = (
				903261B51D9E2E2A00CE31DC /* TravelMateTests.swift */,
				903261B71D9E2E2A00CE31DC /* Info.plist */,
			);
			path = TravelMateTests;
			sourceTree = "<group>";
		};
		903261BF1D9E2E2A00CE31DC /* TravelMateUITests */ = {
			isa = PBXGroup;
			children = (
				903261C01D9E2E2A00CE31DC /* TravelMateUITests.swift */,
				903261C21D9E2E2A00CE31DC /* Info.plist */,
			);
			path = TravelMateUITests;
			sourceTree = "<group>";
		};
		903261FA1D9FB83300CE31DC /* TravelMateUITestsSnapshot */ = {
			isa = PBXGroup;
			children = (
				903262051D9FB98300CE31DC /* SnapshotHelper.swift */,
				903262031D9FB92000CE31DC /* TravelMateUITestsSnapshot.swift */,
				903261FD1D9FB83300CE31DC /* Info.plist */,
			);
			path = TravelMateUITestsSnapshot;
			sourceTree = "<group>";
		};
		906EE1BB1DC5AFA000A9A292 /* Managers */ = {
			isa = PBXGroup;
			children = (
				902A2EB31DA4E478001FEA9F /* DBManager.swift */,
				906EE1BC1DC5AFBF00A9A292 /* NetworkManager.swift */,
				903262071DA255D500CE31DC /* TourAPIManager.swift */,
			);
			name = Managers;
			sourceTree = "<group>";
		};
		907CD1361DCD81A00069B3BE /* ViewControllers */ = {
			isa = PBXGroup;
			children = (
				907CD1341DCCE3C60069B3BE /* WriteMapController.swift */,
				903261A21D9E2E2A00CE31DC /* ViewController.swift */,
				0863186A1DAFE5C40057DE9A /* LoginViewController.swift */,
				0863186C1DB08A6F0057DE9A /* MainMenuController.swift */,
				0896CFCA1DB4CD9B00FE2C47 /* WriteMenuController.swift */,
				90B2EA461DC373E0008FC3EE /* WriteEpilogueController.swift */,
				905D0AF31DCB6D8000CDAF47 /* TimelineViewController.swift */,
				905D0AF51DCB760900CDAF47 /* CourseViewController.swift */,
				905D0AF71DCB764200CDAF47 /* EpilogueViewController.swift */,
				907CD13C1DCF00C20069B3BE /* SearchViewController.swift */,
				907CD1421DCF1A350069B3BE /* SearchDetailViewController.swift */,
				907CD1461DCF2F0E0069B3BE /* DetailCourseViewController.swift */,
			);
			name = ViewControllers;
			sourceTree = "<group>";
		};
		907CD1371DCD81AE0069B3BE /* Views */ = {
			isa = PBXGroup;
			children = (
				906EE1AD1DC4A1E000A9A292 /* WriteEpilogueView.swift */,
				906EE1AF1DC4A3D800A9A292 /* EvaluationView.swift */,
				906EE1B91DC511AE00A9A292 /* RemovableImageView.swift */,
			);
			name = Views;
			sourceTree = "<group>";
		};
		907CD1381DCD81B40069B3BE /* Cells */ = {
			isa = PBXGroup;
			children = (
				90EBE7AC1DCB84D300938D9F /* CourseTimelineCell.swift */,
				90EBE7B21DCC869400938D9F /* EpilogueTimelineCell.swift */,
				906EE1C01DC5CF8000A9A292 /* WriteEpilogueCell.swift */,
				907CD12A1DCC94BE0069B3BE /* EpilogueImageCell.swift */,
				0899E70B1DC21E5D00AE3BF3 /* TravelSpotCell.swift */,
				907CD1401DCF08410069B3BE /* SearchPreviewCell.swift */,
			);
			name = Cells;
			sourceTree = "<group>";
		};
		907CD1391DCD81DB0069B3BE /* Storyboard */ = {
			isa = PBXGroup;
			children = (
				903261A41D9E2E2A00CE31DC /* Main.storyboard */,
				903261A91D9E2E2A00CE31DC /* LaunchScreen.storyboard */,
				90B2EA441DC373BE008FC3EE /* WriteEpilogue.storyboard */,
				907CD1441DCF2E4A0069B3BE /* Course.storyboard */,
			);
			name = Storyboard;
			sourceTree = "<group>";
		};
		907CD13A1DCD81E90069B3BE /* Views */ = {
			isa = PBXGroup;
			children = (
				906EE1AB1DC4A1D100A9A292 /* WriteEpilogueView.xib */,
				906EE1B11DC4A3E300A9A292 /* EvaluationView.xib */,
				906EE1B71DC5115700A9A292 /* RemovableImageView.xib */,
			);
			name = Views;
			sourceTree = "<group>";
		};
		907CD13B1DCD81F60069B3BE /* Cells */ = {
			isa = PBXGroup;
			children = (
				90EBE7AA1DCB84A500938D9F /* CourseTimelineCell.xib */,
				90EBE7B01DCC843E00938D9F /* EpilogueTimelineCell.xib */,
				906EE1BE1DC5CF1800A9A292 /* WriteEpilogueCell.xib */,
				907CD1281DCC94870069B3BE /* EpilogueImageCell.xib */,
				0899E7071DC1CF6500AE3BF3 /* TravelSpotCell.xib */,
				907CD13E1DCF07C00069B3BE /* SearchPreviewCell.xib */,
			);
			name = Cells;
			sourceTree = "<group>";
		};
		90B2EA481DC3746F008FC3EE /* UserInterface */ = {
			isa = PBXGroup;
			children = (
				907CD1391DCD81DB0069B3BE /* Storyboard */,
				907CD13A1DCD81E90069B3BE /* Views */,
				907CD13B1DCD81F60069B3BE /* Cells */,
			);
			name = UserInterface;
			sourceTree = "<group>";
		};
		F141A3767DAE549EFAF6A3E7 /* Pods */ = {
			isa = PBXGroup;
			children = (
				272ED57CF35E4DD33E650BEA /* Pods-TravelMate.debug.xcconfig */,
				581729D83643D3975C9EC6C2 /* Pods-TravelMate.release.xcconfig */,
			);
			name = Pods;
			sourceTree = "<group>";
		};
		FDB2DAB59323D997234F8AC2 /* Frameworks */ = {
			isa = PBXGroup;
			children = (
				086318661DAFA6A90057DE9A /* KakaoOpenSDK.framework */,
				6285CE044243A7D743C74E47 /* Pods_TravelMate.framework */,
			);
			name = Frameworks;
			sourceTree = "<group>";
		};
/* End PBXGroup section */

/* Begin PBXNativeTarget section */
		9032619C1D9E2E2900CE31DC /* TravelMate */ = {
			isa = PBXNativeTarget;
			buildConfigurationList = 903261C51D9E2E2A00CE31DC /* Build configuration list for PBXNativeTarget "TravelMate" */;
			buildPhases = (
				9A4887EE05889DBD978EBE97 /* [CP] Check Pods Manifest.lock */,
				903261991D9E2E2900CE31DC /* Sources */,
				9032619A1D9E2E2900CE31DC /* Frameworks */,
				9032619B1D9E2E2900CE31DC /* Resources */,
				277EB84063DB784FFE8BFF5A /* [CP] Embed Pods Frameworks */,
				160BF2C30E93CC410B3C51DE /* [CP] Copy Pods Resources */,
				90119DF11DADCC3100FC6C56 /* Embed Frameworks */,
			);
			buildRules = (
			);
			dependencies = (
			);
			name = TravelMate;
			productName = TravelMate;
			productReference = 9032619D1D9E2E2A00CE31DC /* TravelMate.app */;
			productType = "com.apple.product-type.application";
		};
		903261B01D9E2E2A00CE31DC /* TravelMateTests */ = {
			isa = PBXNativeTarget;
			buildConfigurationList = 903261C81D9E2E2A00CE31DC /* Build configuration list for PBXNativeTarget "TravelMateTests" */;
			buildPhases = (
				903261AD1D9E2E2A00CE31DC /* Sources */,
				903261AE1D9E2E2A00CE31DC /* Frameworks */,
				903261AF1D9E2E2A00CE31DC /* Resources */,
			);
			buildRules = (
			);
			dependencies = (
				903261B31D9E2E2A00CE31DC /* PBXTargetDependency */,
			);
			name = TravelMateTests;
			productName = TravelMateTests;
			productReference = 903261B11D9E2E2A00CE31DC /* TravelMateTests.xctest */;
			productType = "com.apple.product-type.bundle.unit-test";
		};
		903261BB1D9E2E2A00CE31DC /* TravelMateUITests */ = {
			isa = PBXNativeTarget;
			buildConfigurationList = 903261CB1D9E2E2A00CE31DC /* Build configuration list for PBXNativeTarget "TravelMateUITests" */;
			buildPhases = (
				903261B81D9E2E2A00CE31DC /* Sources */,
				903261B91D9E2E2A00CE31DC /* Frameworks */,
				903261BA1D9E2E2A00CE31DC /* Resources */,
			);
			buildRules = (
			);
			dependencies = (
				903261BE1D9E2E2A00CE31DC /* PBXTargetDependency */,
			);
			name = TravelMateUITests;
			productName = TravelMateUITests;
			productReference = 903261BC1D9E2E2A00CE31DC /* TravelMateUITests.xctest */;
			productType = "com.apple.product-type.bundle.ui-testing";
		};
		903261F81D9FB83300CE31DC /* TravelMateUITestsSnapshot */ = {
			isa = PBXNativeTarget;
			buildConfigurationList = 903262001D9FB83300CE31DC /* Build configuration list for PBXNativeTarget "TravelMateUITestsSnapshot" */;
			buildPhases = (
				903261F51D9FB83300CE31DC /* Sources */,
				903261F61D9FB83300CE31DC /* Frameworks */,
				903261F71D9FB83300CE31DC /* Resources */,
			);
			buildRules = (
			);
			dependencies = (
				903261FF1D9FB83300CE31DC /* PBXTargetDependency */,
			);
			name = TravelMateUITestsSnapshot;
			productName = TravelMateUITestsSnapshot;
			productReference = 903261F91D9FB83300CE31DC /* TravelMateUITestsSnapshot.xctest */;
			productType = "com.apple.product-type.bundle.ui-testing";
		};
/* End PBXNativeTarget section */

/* Begin PBXProject section */
		903261951D9E2E2900CE31DC /* Project object */ = {
			isa = PBXProject;
			attributes = {
				LastSwiftUpdateCheck = 0800;
				LastUpgradeCheck = 0810;
				ORGANIZATIONNAME = "이동규";
				TargetAttributes = {
					9032619C1D9E2E2900CE31DC = {
						CreatedOnToolsVersion = 8.0;
						DevelopmentTeam = 8S882ZSFK3;
						LastSwiftMigration = 0800;
						ProvisioningStyle = Automatic;
					};
					903261B01D9E2E2A00CE31DC = {
						CreatedOnToolsVersion = 8.0;
						LastSwiftMigration = 0800;
						ProvisioningStyle = Automatic;
						TestTargetID = 9032619C1D9E2E2900CE31DC;
					};
					903261BB1D9E2E2A00CE31DC = {
						CreatedOnToolsVersion = 8.0;
						LastSwiftMigration = 0800;
						ProvisioningStyle = Automatic;
						TestTargetID = 9032619C1D9E2E2900CE31DC;
					};
					903261F81D9FB83300CE31DC = {
						CreatedOnToolsVersion = 8.0;
						LastSwiftMigration = 0800;
						ProvisioningStyle = Automatic;
						TestTargetID = 9032619C1D9E2E2900CE31DC;
					};
				};
			};
			buildConfigurationList = 903261981D9E2E2900CE31DC /* Build configuration list for PBXProject "TravelMate" */;
			compatibilityVersion = "Xcode 3.2";
			developmentRegion = English;
			hasScannedForEncodings = 0;
			knownRegions = (
				en,
				Base,
			);
			mainGroup = 903261941D9E2E2900CE31DC;
			productRefGroup = 9032619E1D9E2E2A00CE31DC /* Products */;
			projectDirPath = "";
			projectRoot = "";
			targets = (
				9032619C1D9E2E2900CE31DC /* TravelMate */,
				903261B01D9E2E2A00CE31DC /* TravelMateTests */,
				903261BB1D9E2E2A00CE31DC /* TravelMateUITests */,
				903261F81D9FB83300CE31DC /* TravelMateUITestsSnapshot */,
			);
		};
/* End PBXProject section */

/* Begin PBXResourcesBuildPhase section */
		9032619B1D9E2E2900CE31DC /* Resources */ = {
			isa = PBXResourcesBuildPhase;
			buildActionMask = 2147483647;
			files = (
				906EE1B81DC5115700A9A292 /* RemovableImageView.xib in Resources */,
				90B2EA451DC373BE008FC3EE /* WriteEpilogue.storyboard in Resources */,
				907CD1451DCF2E4A0069B3BE /* Course.storyboard in Resources */,
				902A2EB11DA4E14E001FEA9F /* travelmate.db in Resources */,
				0899E7081DC1CF6500AE3BF3 /* TravelSpotCell.xib in Resources */,
				906EE1B21DC4A3E300A9A292 /* EvaluationView.xib in Resources */,
				907CD13F1DCF07C00069B3BE /* SearchPreviewCell.xib in Resources */,
				906EE1BF1DC5CF1800A9A292 /* WriteEpilogueCell.xib in Resources */,
				907CD1291DCC94870069B3BE /* EpilogueImageCell.xib in Resources */,
				90EBE7B11DCC843E00938D9F /* EpilogueTimelineCell.xib in Resources */,
				903261AB1D9E2E2A00CE31DC /* LaunchScreen.storyboard in Resources */,
				903261CF1D9E2F4D00CE31DC /* Route.xib in Resources */,
				90EBE7AB1DCB84A500938D9F /* CourseTimelineCell.xib in Resources */,
				903261A81D9E2E2A00CE31DC /* Assets.xcassets in Resources */,
				906EE1AC1DC4A1D100A9A292 /* WriteEpilogueView.xib in Resources */,
				903261A61D9E2E2A00CE31DC /* Main.storyboard in Resources */,
			);
			runOnlyForDeploymentPostprocessing = 0;
		};
		903261AF1D9E2E2A00CE31DC /* Resources */ = {
			isa = PBXResourcesBuildPhase;
			buildActionMask = 2147483647;
			files = (
			);
			runOnlyForDeploymentPostprocessing = 0;
		};
		903261BA1D9E2E2A00CE31DC /* Resources */ = {
			isa = PBXResourcesBuildPhase;
			buildActionMask = 2147483647;
			files = (
			);
			runOnlyForDeploymentPostprocessing = 0;
		};
		903261F71D9FB83300CE31DC /* Resources */ = {
			isa = PBXResourcesBuildPhase;
			buildActionMask = 2147483647;
			files = (
			);
			runOnlyForDeploymentPostprocessing = 0;
		};
/* End PBXResourcesBuildPhase section */

/* Begin PBXShellScriptBuildPhase section */
		160BF2C30E93CC410B3C51DE /* [CP] Copy Pods Resources */ = {
			isa = PBXShellScriptBuildPhase;
			buildActionMask = 2147483647;
			files = (
			);
			inputPaths = (
			);
			name = "[CP] Copy Pods Resources";
			outputPaths = (
			);
			runOnlyForDeploymentPostprocessing = 0;
			shellPath = /bin/sh;
			shellScript = "\"${SRCROOT}/Pods/Target Support Files/Pods-TravelMate/Pods-TravelMate-resources.sh\"\n";
			showEnvVarsInLog = 0;
		};
		277EB84063DB784FFE8BFF5A /* [CP] Embed Pods Frameworks */ = {
			isa = PBXShellScriptBuildPhase;
			buildActionMask = 2147483647;
			files = (
			);
			inputPaths = (
			);
			name = "[CP] Embed Pods Frameworks";
			outputPaths = (
			);
			runOnlyForDeploymentPostprocessing = 0;
			shellPath = /bin/sh;
			shellScript = "\"${SRCROOT}/Pods/Target Support Files/Pods-TravelMate/Pods-TravelMate-frameworks.sh\"\n";
			showEnvVarsInLog = 0;
		};
		9A4887EE05889DBD978EBE97 /* [CP] Check Pods Manifest.lock */ = {
			isa = PBXShellScriptBuildPhase;
			buildActionMask = 2147483647;
			files = (
			);
			inputPaths = (
			);
			name = "[CP] Check Pods Manifest.lock";
			outputPaths = (
			);
			runOnlyForDeploymentPostprocessing = 0;
			shellPath = /bin/sh;
			shellScript = "diff \"${PODS_ROOT}/../Podfile.lock\" \"${PODS_ROOT}/Manifest.lock\" > /dev/null\nif [ $? != 0 ] ; then\n    # print error to STDERR\n    echo \"error: The sandbox is not in sync with the Podfile.lock. Run 'pod install' or update your CocoaPods installation.\" >&2\n    exit 1\nfi\n";
			showEnvVarsInLog = 0;
		};
/* End PBXShellScriptBuildPhase section */

/* Begin PBXSourcesBuildPhase section */
		903261991D9E2E2900CE31DC /* Sources */ = {
			isa = PBXSourcesBuildPhase;
			buildActionMask = 2147483647;
			files = (
				90EBE7AF1DCB86B100938D9F /* CourseModel.swift in Sources */,
				907CD1351DCCE3C60069B3BE /* WriteMapController.swift in Sources */,
				906EE1BD1DC5AFBF00A9A292 /* NetworkManager.swift in Sources */,
				0863186B1DAFE5C40057DE9A /* LoginViewController.swift in Sources */,
				90EBE7B31DCC869400938D9F /* EpilogueTimelineCell.swift in Sources */,
				905D0AF81DCB764200CDAF47 /* EpilogueViewController.swift in Sources */,
				90119CF01DA6543E00FC6C56 /* Error.swift in Sources */,
				903261A31D9E2E2A00CE31DC /* ViewController.swift in Sources */,
				0899E70C1DC21E5D00AE3BF3 /* TravelSpotCell.swift in Sources */,
				902A2EB41DA4E478001FEA9F /* DBManager.swift in Sources */,
				906EE1B61DC4DE7900A9A292 /* RealmString.swift in Sources */,
				903261E41D9E4C6500CE31DC /* RouteView.swift in Sources */,
				906EE1BA1DC511AE00A9A292 /* RemovableImageView.swift in Sources */,
				902A2EB71DA4F93F001FEA9F /* CategoryModel.swift in Sources */,
				907CD1471DCF2F0E0069B3BE /* DetailCourseViewController.swift in Sources */,
				906EE1AE1DC4A1E000A9A292 /* WriteEpilogueView.swift in Sources */,
				903262081DA255D500CE31DC /* TourAPIManager.swift in Sources */,
				903261A11D9E2E2A00CE31DC /* AppDelegate.swift in Sources */,
				907CD1431DCF1A350069B3BE /* SearchDetailViewController.swift in Sources */,
				905D0AF41DCB6D8000CDAF47 /* TimelineViewController.swift in Sources */,
				90EBE7AD1DCB84D300938D9F /* CourseTimelineCell.swift in Sources */,
				907CD1411DCF08410069B3BE /* SearchPreviewCell.swift in Sources */,
				0896CFCB1DB4CD9B00FE2C47 /* WriteMenuController.swift in Sources */,
				906EE1C11DC5CF8000A9A292 /* WriteEpilogueCell.swift in Sources */,
				902A2D861DA36C8B001FEA9F /* SpotModel.swift in Sources */,
				0863186D1DB08A6F0057DE9A /* MainMenuController.swift in Sources */,
				907CD13D1DCF00C20069B3BE /* SearchViewController.swift in Sources */,
				905D0AF61DCB760900CDAF47 /* CourseViewController.swift in Sources */,
				907CD12B1DCC94BE0069B3BE /* EpilogueImageCell.swift in Sources */,
				906EE1B41DC4AD1100A9A292 /* EpilogueModel.swift in Sources */,
				906EE1B01DC4A3D800A9A292 /* EvaluationView.swift in Sources */,
				90B2EA471DC373E0008FC3EE /* WriteEpilogueController.swift in Sources */,
			);
			runOnlyForDeploymentPostprocessing = 0;
		};
		903261AD1D9E2E2A00CE31DC /* Sources */ = {
			isa = PBXSourcesBuildPhase;
			buildActionMask = 2147483647;
			files = (
				903261B61D9E2E2A00CE31DC /* TravelMateTests.swift in Sources */,
			);
			runOnlyForDeploymentPostprocessing = 0;
		};
		903261B81D9E2E2A00CE31DC /* Sources */ = {
			isa = PBXSourcesBuildPhase;
			buildActionMask = 2147483647;
			files = (
				903261C11D9E2E2A00CE31DC /* TravelMateUITests.swift in Sources */,
			);
			runOnlyForDeploymentPostprocessing = 0;
		};
		903261F51D9FB83300CE31DC /* Sources */ = {
			isa = PBXSourcesBuildPhase;
			buildActionMask = 2147483647;
			files = (
				903262041D9FB92000CE31DC /* TravelMateUITestsSnapshot.swift in Sources */,
				903262061D9FB98300CE31DC /* SnapshotHelper.swift in Sources */,
			);
			runOnlyForDeploymentPostprocessing = 0;
		};
/* End PBXSourcesBuildPhase section */

/* Begin PBXTargetDependency section */
		903261B31D9E2E2A00CE31DC /* PBXTargetDependency */ = {
			isa = PBXTargetDependency;
			target = 9032619C1D9E2E2900CE31DC /* TravelMate */;
			targetProxy = 903261B21D9E2E2A00CE31DC /* PBXContainerItemProxy */;
		};
		903261BE1D9E2E2A00CE31DC /* PBXTargetDependency */ = {
			isa = PBXTargetDependency;
			target = 9032619C1D9E2E2900CE31DC /* TravelMate */;
			targetProxy = 903261BD1D9E2E2A00CE31DC /* PBXContainerItemProxy */;
		};
		903261FF1D9FB83300CE31DC /* PBXTargetDependency */ = {
			isa = PBXTargetDependency;
			target = 9032619C1D9E2E2900CE31DC /* TravelMate */;
			targetProxy = 903261FE1D9FB83300CE31DC /* PBXContainerItemProxy */;
		};
/* End PBXTargetDependency section */

/* Begin PBXVariantGroup section */
		903261A41D9E2E2A00CE31DC /* Main.storyboard */ = {
			isa = PBXVariantGroup;
			children = (
				903261A51D9E2E2A00CE31DC /* Base */,
			);
			name = Main.storyboard;
			sourceTree = "<group>";
		};
		903261A91D9E2E2A00CE31DC /* LaunchScreen.storyboard */ = {
			isa = PBXVariantGroup;
			children = (
				903261AA1D9E2E2A00CE31DC /* Base */,
			);
			name = LaunchScreen.storyboard;
			sourceTree = "<group>";
		};
/* End PBXVariantGroup section */

/* Begin XCBuildConfiguration section */
		903261C31D9E2E2A00CE31DC /* Debug */ = {
			isa = XCBuildConfiguration;
			buildSettings = {
				ALWAYS_SEARCH_USER_PATHS = NO;
				CLANG_ANALYZER_NONNULL = YES;
				CLANG_CXX_LANGUAGE_STANDARD = "gnu++0x";
				CLANG_CXX_LIBRARY = "libc++";
				CLANG_ENABLE_MODULES = YES;
				CLANG_ENABLE_OBJC_ARC = YES;
				CLANG_WARN_BOOL_CONVERSION = YES;
				CLANG_WARN_CONSTANT_CONVERSION = YES;
				CLANG_WARN_DIRECT_OBJC_ISA_USAGE = YES_ERROR;
				CLANG_WARN_DOCUMENTATION_COMMENTS = YES;
				CLANG_WARN_EMPTY_BODY = YES;
				CLANG_WARN_ENUM_CONVERSION = YES;
				CLANG_WARN_INFINITE_RECURSION = YES;
				CLANG_WARN_INT_CONVERSION = YES;
				CLANG_WARN_OBJC_ROOT_CLASS = YES_ERROR;
				CLANG_WARN_SUSPICIOUS_MOVE = YES;
				CLANG_WARN_SUSPICIOUS_MOVES = YES;
				CLANG_WARN_UNREACHABLE_CODE = YES;
				CLANG_WARN__DUPLICATE_METHOD_MATCH = YES;
				"CODE_SIGN_IDENTITY[sdk=iphoneos*]" = "iPhone Developer";
				COPY_PHASE_STRIP = NO;
				DEBUG_INFORMATION_FORMAT = dwarf;
				ENABLE_STRICT_OBJC_MSGSEND = YES;
				ENABLE_TESTABILITY = YES;
				GCC_C_LANGUAGE_STANDARD = gnu99;
				GCC_DYNAMIC_NO_PIC = NO;
				GCC_NO_COMMON_BLOCKS = YES;
				GCC_OPTIMIZATION_LEVEL = 0;
				GCC_PREPROCESSOR_DEFINITIONS = (
					"DEBUG=1",
					"$(inherited)",
				);
				GCC_WARN_64_TO_32_BIT_CONVERSION = YES;
				GCC_WARN_ABOUT_RETURN_TYPE = YES_ERROR;
				GCC_WARN_UNDECLARED_SELECTOR = YES;
				GCC_WARN_UNINITIALIZED_AUTOS = YES_AGGRESSIVE;
				GCC_WARN_UNUSED_FUNCTION = YES;
				GCC_WARN_UNUSED_VARIABLE = YES;
				IPHONEOS_DEPLOYMENT_TARGET = 10.0;
				MTL_ENABLE_DEBUG_INFO = YES;
				ONLY_ACTIVE_ARCH = YES;
				OTHER_LDFLAGS = "";
				SDKROOT = iphoneos;
				SWIFT_ACTIVE_COMPILATION_CONDITIONS = DEBUG;
				SWIFT_OPTIMIZATION_LEVEL = "-Onone";
				TARGETED_DEVICE_FAMILY = "1,2";
			};
			name = Debug;
		};
		903261C41D9E2E2A00CE31DC /* Release */ = {
			isa = XCBuildConfiguration;
			buildSettings = {
				ALWAYS_SEARCH_USER_PATHS = NO;
				CLANG_ANALYZER_NONNULL = YES;
				CLANG_CXX_LANGUAGE_STANDARD = "gnu++0x";
				CLANG_CXX_LIBRARY = "libc++";
				CLANG_ENABLE_MODULES = YES;
				CLANG_ENABLE_OBJC_ARC = YES;
				CLANG_WARN_BOOL_CONVERSION = YES;
				CLANG_WARN_CONSTANT_CONVERSION = YES;
				CLANG_WARN_DIRECT_OBJC_ISA_USAGE = YES_ERROR;
				CLANG_WARN_DOCUMENTATION_COMMENTS = YES;
				CLANG_WARN_EMPTY_BODY = YES;
				CLANG_WARN_ENUM_CONVERSION = YES;
				CLANG_WARN_INFINITE_RECURSION = YES;
				CLANG_WARN_INT_CONVERSION = YES;
				CLANG_WARN_OBJC_ROOT_CLASS = YES_ERROR;
				CLANG_WARN_SUSPICIOUS_MOVE = YES;
				CLANG_WARN_SUSPICIOUS_MOVES = YES;
				CLANG_WARN_UNREACHABLE_CODE = YES;
				CLANG_WARN__DUPLICATE_METHOD_MATCH = YES;
				"CODE_SIGN_IDENTITY[sdk=iphoneos*]" = "iPhone Developer";
				COPY_PHASE_STRIP = NO;
				DEBUG_INFORMATION_FORMAT = "dwarf-with-dsym";
				ENABLE_NS_ASSERTIONS = NO;
				ENABLE_STRICT_OBJC_MSGSEND = YES;
				GCC_C_LANGUAGE_STANDARD = gnu99;
				GCC_NO_COMMON_BLOCKS = YES;
				GCC_WARN_64_TO_32_BIT_CONVERSION = YES;
				GCC_WARN_ABOUT_RETURN_TYPE = YES_ERROR;
				GCC_WARN_UNDECLARED_SELECTOR = YES;
				GCC_WARN_UNINITIALIZED_AUTOS = YES_AGGRESSIVE;
				GCC_WARN_UNUSED_FUNCTION = YES;
				GCC_WARN_UNUSED_VARIABLE = YES;
				IPHONEOS_DEPLOYMENT_TARGET = 10.0;
				MTL_ENABLE_DEBUG_INFO = NO;
				OTHER_LDFLAGS = "";
				SDKROOT = iphoneos;
				SWIFT_OPTIMIZATION_LEVEL = "-Onone";
				TARGETED_DEVICE_FAMILY = "1,2";
				VALIDATE_PRODUCT = YES;
			};
			name = Release;
		};
		903261C61D9E2E2A00CE31DC /* Debug */ = {
			isa = XCBuildConfiguration;
			baseConfigurationReference = 272ED57CF35E4DD33E650BEA /* Pods-TravelMate.debug.xcconfig */;
			buildSettings = {
				ALWAYS_EMBED_SWIFT_STANDARD_LIBRARIES = YES;
				ASSETCATALOG_COMPILER_APPICON_NAME = AppIcon;
				CLANG_ENABLE_MODULES = YES;
				DEVELOPMENT_TEAM = 8S882ZSFK3;
				FRAMEWORK_SEARCH_PATHS = (
					"$(inherited)",
					"$(PROJECT_DIR)",
				);
				INFOPLIST_FILE = TravelMate/Info.plist;
				LD_RUNPATH_SEARCH_PATHS = "$(inherited) @executable_path/Frameworks";
				OTHER_LDFLAGS = (
					"$(inherited)",
					"-ObjC",
					"-framework",
					"\"Alamofire\"",
					"-framework",
					"\"FMDB\"",
					"-framework",
					"\"Realm\"",
					"-framework",
					"\"RealmSwift\"",
					"-all_load",
				);
				OTHER_SWIFT_FLAGS = "$(inherited)";
				PRODUCT_BUNDLE_IDENTIFIER = com.ssu.travelmate;
				PRODUCT_NAME = "$(TARGET_NAME)";
				SWIFT_OBJC_BRIDGING_HEADER = "TravelMate/TravelMate-Bridging-Header.h";
				SWIFT_OPTIMIZATION_LEVEL = "-Onone";
				SWIFT_VERSION = 3.0;
			};
			name = Debug;
		};
		903261C71D9E2E2A00CE31DC /* Release */ = {
			isa = XCBuildConfiguration;
			baseConfigurationReference = 581729D83643D3975C9EC6C2 /* Pods-TravelMate.release.xcconfig */;
			buildSettings = {
				ALWAYS_EMBED_SWIFT_STANDARD_LIBRARIES = YES;
				ASSETCATALOG_COMPILER_APPICON_NAME = AppIcon;
				CLANG_ENABLE_MODULES = YES;
				DEVELOPMENT_TEAM = 8S882ZSFK3;
				FRAMEWORK_SEARCH_PATHS = (
					"$(inherited)",
					"$(PROJECT_DIR)",
				);
				INFOPLIST_FILE = TravelMate/Info.plist;
				LD_RUNPATH_SEARCH_PATHS = "$(inherited) @executable_path/Frameworks";
				OTHER_LDFLAGS = (
					"$(inherited)",
					"-ObjC",
					"-framework",
					"\"Alamofire\"",
					"-framework",
					"\"FMDB\"",
					"-framework",
					"\"Realm\"",
					"-framework",
					"\"RealmSwift\"",
					"-all_load",
				);
				OTHER_SWIFT_FLAGS = "$(inherited)";
				PRODUCT_BUNDLE_IDENTIFIER = com.ssu.travelmate;
				PRODUCT_NAME = "$(TARGET_NAME)";
				SWIFT_OBJC_BRIDGING_HEADER = "TravelMate/TravelMate-Bridging-Header.h";
				SWIFT_VERSION = 3.0;
			};
			name = Release;
		};
		903261C91D9E2E2A00CE31DC /* Debug */ = {
			isa = XCBuildConfiguration;
			buildSettings = {
				ALWAYS_EMBED_SWIFT_STANDARD_LIBRARIES = YES;
				BUNDLE_LOADER = "$(TEST_HOST)";
				INFOPLIST_FILE = TravelMateTests/Info.plist;
				LD_RUNPATH_SEARCH_PATHS = "$(inherited) @executable_path/Frameworks @loader_path/Frameworks";
				PRODUCT_BUNDLE_IDENTIFIER = com.ironfactory.TravelMateTests;
				PRODUCT_NAME = "$(TARGET_NAME)";
				SWIFT_VERSION = 3.0;
				TEST_HOST = "$(BUILT_PRODUCTS_DIR)/TravelMate.app/TravelMate";
			};
			name = Debug;
		};
		903261CA1D9E2E2A00CE31DC /* Release */ = {
			isa = XCBuildConfiguration;
			buildSettings = {
				ALWAYS_EMBED_SWIFT_STANDARD_LIBRARIES = YES;
				BUNDLE_LOADER = "$(TEST_HOST)";
				INFOPLIST_FILE = TravelMateTests/Info.plist;
				LD_RUNPATH_SEARCH_PATHS = "$(inherited) @executable_path/Frameworks @loader_path/Frameworks";
				PRODUCT_BUNDLE_IDENTIFIER = com.ironfactory.TravelMateTests;
				PRODUCT_NAME = "$(TARGET_NAME)";
				SWIFT_VERSION = 3.0;
				TEST_HOST = "$(BUILT_PRODUCTS_DIR)/TravelMate.app/TravelMate";
			};
			name = Release;
		};
		903261CC1D9E2E2A00CE31DC /* Debug */ = {
			isa = XCBuildConfiguration;
			buildSettings = {
				ALWAYS_EMBED_SWIFT_STANDARD_LIBRARIES = YES;
				INFOPLIST_FILE = TravelMateUITests/Info.plist;
				LD_RUNPATH_SEARCH_PATHS = "$(inherited) @executable_path/Frameworks @loader_path/Frameworks";
				PRODUCT_BUNDLE_IDENTIFIER = com.ironfactory.TravelMateUITests;
				PRODUCT_NAME = "$(TARGET_NAME)";
				SWIFT_VERSION = 3.0;
				TEST_TARGET_NAME = TravelMate;
			};
			name = Debug;
		};
		903261CD1D9E2E2A00CE31DC /* Release */ = {
			isa = XCBuildConfiguration;
			buildSettings = {
				ALWAYS_EMBED_SWIFT_STANDARD_LIBRARIES = YES;
				INFOPLIST_FILE = TravelMateUITests/Info.plist;
				LD_RUNPATH_SEARCH_PATHS = "$(inherited) @executable_path/Frameworks @loader_path/Frameworks";
				PRODUCT_BUNDLE_IDENTIFIER = com.ironfactory.TravelMateUITests;
				PRODUCT_NAME = "$(TARGET_NAME)";
				SWIFT_VERSION = 3.0;
				TEST_TARGET_NAME = TravelMate;
			};
			name = Release;
		};
		903262011D9FB83300CE31DC /* Debug */ = {
			isa = XCBuildConfiguration;
			buildSettings = {
				CLANG_ENABLE_MODULES = YES;
				INFOPLIST_FILE = TravelMateUITestsSnapshot/Info.plist;
				LD_RUNPATH_SEARCH_PATHS = "$(inherited) @executable_path/Frameworks @loader_path/Frameworks";
				PRODUCT_BUNDLE_IDENTIFIER = com.ironfactory.TravelMateUITestsSnapshot;
				PRODUCT_NAME = "$(TARGET_NAME)";
				SWIFT_OPTIMIZATION_LEVEL = "-Onone";
				SWIFT_VERSION = 3.0;
				TEST_TARGET_NAME = TravelMate;
			};
			name = Debug;
		};
		903262021D9FB83300CE31DC /* Release */ = {
			isa = XCBuildConfiguration;
			buildSettings = {
				CLANG_ENABLE_MODULES = YES;
				INFOPLIST_FILE = TravelMateUITestsSnapshot/Info.plist;
				LD_RUNPATH_SEARCH_PATHS = "$(inherited) @executable_path/Frameworks @loader_path/Frameworks";
				PRODUCT_BUNDLE_IDENTIFIER = com.ironfactory.TravelMateUITestsSnapshot;
				PRODUCT_NAME = "$(TARGET_NAME)";
				SWIFT_VERSION = 3.0;
				TEST_TARGET_NAME = TravelMate;
			};
			name = Release;
		};
/* End XCBuildConfiguration section */

/* Begin XCConfigurationList section */
		903261981D9E2E2900CE31DC /* Build configuration list for PBXProject "TravelMate" */ = {
			isa = XCConfigurationList;
			buildConfigurations = (
				903261C31D9E2E2A00CE31DC /* Debug */,
				903261C41D9E2E2A00CE31DC /* Release */,
			);
			defaultConfigurationIsVisible = 0;
			defaultConfigurationName = Release;
		};
		903261C51D9E2E2A00CE31DC /* Build configuration list for PBXNativeTarget "TravelMate" */ = {
			isa = XCConfigurationList;
			buildConfigurations = (
				903261C61D9E2E2A00CE31DC /* Debug */,
				903261C71D9E2E2A00CE31DC /* Release */,
			);
			defaultConfigurationIsVisible = 0;
			defaultConfigurationName = Release;
		};
		903261C81D9E2E2A00CE31DC /* Build configuration list for PBXNativeTarget "TravelMateTests" */ = {
			isa = XCConfigurationList;
			buildConfigurations = (
				903261C91D9E2E2A00CE31DC /* Debug */,
				903261CA1D9E2E2A00CE31DC /* Release */,
			);
			defaultConfigurationIsVisible = 0;
			defaultConfigurationName = Release;
		};
		903261CB1D9E2E2A00CE31DC /* Build configuration list for PBXNativeTarget "TravelMateUITests" */ = {
			isa = XCConfigurationList;
			buildConfigurations = (
				903261CC1D9E2E2A00CE31DC /* Debug */,
				903261CD1D9E2E2A00CE31DC /* Release */,
			);
			defaultConfigurationIsVisible = 0;
			defaultConfigurationName = Release;
		};
		903262001D9FB83300CE31DC /* Build configuration list for PBXNativeTarget "TravelMateUITestsSnapshot" */ = {
			isa = XCConfigurationList;
			buildConfigurations = (
				903262011D9FB83300CE31DC /* Debug */,
				903262021D9FB83300CE31DC /* Release */,
			);
			defaultConfigurationIsVisible = 0;
			defaultConfigurationName = Release;
		};
/* End XCConfigurationList section */
	};
	rootObject = 903261951D9E2E2900CE31DC /* Project object */;
}
